
Microsoft Visual Studio Solution File, Format Version 12.00
# Visual Studio 2012
Project("{FAE04EC0-301F-11D3-BF4B-00C04F79EFBC}") = "BDAT1004", "BDAT1004\BDAT1004.csproj", "{3C7514FD-F60D-4957-A262-4A00FBA8AB36}"
EndProject
Global
	GlobalSection(SolutionConfigurationPlatforms) = preSolution
		Debug|Any CPU = Debug|Any CPU
		Release|Any CPU = Release|Any CPU
	EndGlobalSection
	GlobalSection(ProjectConfigurationPlatforms) = postSolution
		{3C7514FD-F60D-4957-A262-4A00FBA8AB36}.Debug|Any CPU.ActiveCfg = Debug|Any CPU
		{3C7514FD-F60D-4957-A262-4A00FBA8AB36}.Debug|Any CPU.Build.0 = Debug|Any CPU
		{3C7514FD-F60D-4957-A262-4A00FBA8AB36}.Release|Any CPU.ActiveCfg = Release|Any CPU
		{3C7514FD-F60D-4957-A262-4A00FBA8AB36}.Release|Any CPU.Build.0 = Release|Any CPU
	EndGlobalSection
EndGlobal
